
Microsoft Visual Studio Solution File, Format Version 12.00
# Visual Studio 15
VisualStudioVersion = 15.0.27703.2000
MinimumVisualStudioVersion = 10.0.40219.1
Project("{FAE04EC0-301F-11D3-BF4B-00C04F79EFBC}") = "KnockKnockWhosThere", "KnockKnockWhosThere\KnockKnockWhosThere.csproj", "{AB291944-E964-419F-813B-AB0657AC8131}"
EndProject
Project("{FAE04EC0-301F-11D3-BF4B-00C04F79EFBC}") = "KnockKnockLibrary", "KnockKnockLibrary\KnockKnockLibrary.csproj", "{DE28C336-13BA-4E72-8159-63122AC42513}"
EndProject
Project("{FAE04EC0-301F-11D3-BF4B-00C04F79EFBC}") = "KnockKnockLibrary.Tests", "KnockKnockLibrary.Tests\KnockKnockLibrary.Tests.csproj", "{A9FBC722-609E-4EED-BC43-157CC0B620AF}"
EndProject
Global
	GlobalSection(SolutionConfigurationPlatforms) = preSolution
		Debug|Any CPU = Debug|Any CPU
		Release|Any CPU = Release|Any CPU
	EndGlobalSection
	GlobalSection(ProjectConfigurationPlatforms) = postSolution
		{AB291944-E964-419F-813B-AB0657AC8131}.Debug|Any CPU.ActiveCfg = Debug|Any CPU
		{AB291944-E964-419F-813B-AB0657AC8131}.Debug|Any CPU.Build.0 = Debug|Any CPU
		{AB291944-E964-419F-813B-AB0657AC8131}.Release|Any CPU.ActiveCfg = Release|Any CPU
		{AB291944-E964-419F-813B-AB0657AC8131}.Release|Any CPU.Build.0 = Release|Any CPU
		{DE28C336-13BA-4E72-8159-63122AC42513}.Debug|Any CPU.ActiveCfg = Debug|Any CPU
		{DE28C336-13BA-4E72-8159-63122AC42513}.Debug|Any CPU.Build.0 = Debug|Any CPU
		{DE28C336-13BA-4E72-8159-63122AC42513}.Release|Any CPU.ActiveCfg = Release|Any CPU
		{DE28C336-13BA-4E72-8159-63122AC42513}.Release|Any CPU.Build.0 = Release|Any CPU
		{A9FBC722-609E-4EED-BC43-157CC0B620AF}.Debug|Any CPU.ActiveCfg = Debug|Any CPU
		{A9FBC722-609E-4EED-BC43-157CC0B620AF}.Debug|Any CPU.Build.0 = Debug|Any CPU
		{A9FBC722-609E-4EED-BC43-157CC0B620AF}.Release|Any CPU.ActiveCfg = Release|Any CPU
		{A9FBC722-609E-4EED-BC43-157CC0B620AF}.Release|Any CPU.Build.0 = Release|Any CPU
	EndGlobalSection
	GlobalSection(SolutionProperties) = preSolution
		HideSolutionNode = FALSE
	EndGlobalSection
	GlobalSection(ExtensibilityGlobals) = postSolution
		SolutionGuid = {747B4818-0573-4FE8-B881-CAD5A3C92041}
	EndGlobalSection
EndGlobal
